
Microsoft Visual Studio Solution File, Format Version 12.00
# Visual Studio Version 17
VisualStudioVersion = 17.0.31903.59
MinimumVisualStudioVersion = 10.0.40219.1
Project("{2150E333-8FDC-42A3-9474-1A3956D46DE8}") = "src", "src", "{827E0CD3-B72D-47B6-A68D-7590B98EB39B}"
EndProject
Project("{FAE04EC0-301F-11D3-BF4B-00C04F79EFBC}") = "Core", "src\Core\Core.csproj", "{4D862C0D-F728-49BF-B5FC-530AB9C2333C}"
EndProject
Project("{FAE04EC0-301F-11D3-BF4B-00C04F79EFBC}") = "Commands", "src\Commands\Commands.csproj", "{04256F84-0D40-422E-A6F6-52C028C90D22}"
EndProject
Project("{FAE04EC0-301F-11D3-BF4B-00C04F79EFBC}") = "Cli", "src\Cli\Cli.csproj", "{8183D955-76E8-4DE3-AF29-836D3FF57E93}"
EndProject
Project("{2150E333-8FDC-42A3-9474-1A3956D46DE8}") = "Plugins", "Plugins", "{58D3A2C3-F96F-5E57-2C6B-ECE59D6A18FC}"
EndProject
Project("{FAE04EC0-301F-11D3-BF4B-00C04F79EFBC}") = "Plugin.Deploy.SSH", "src\Plugins\Plugin.Deploy.SSH\Plugin.Deploy.SSH.csproj", "{385B564F-15FF-46D4-B7D3-8AF49FBDA563}"
EndProject
Project("{FAE04EC0-301F-11D3-BF4B-00C04F79EFBC}") = "Plugin.Source.OneDrive", "src\Plugins\Plugin.Source.OneDrive\Plugin.Source.OneDrive.csproj", "{65DF7DAC-C1B1-4E5D-8E43-51889A8B2DB4}"
EndProject
Project("{2150E333-8FDC-42A3-9474-1A3956D46DE8}") = "tests", "tests", "{0AB3BF05-4346-4AA6-1389-037BE0695223}"
EndProject
Project("{FAE04EC0-301F-11D3-BF4B-00C04F79EFBC}") = "Core.Tests", "tests\Core.Tests\Core.Tests.csproj", "{17F53B11-1ECD-49A6-858C-2DE530CB6202}"
EndProject
Project("{FAE04EC0-301F-11D3-BF4B-00C04F79EFBC}") = "IntegrationTests", "tests\IntegrationTests\IntegrationTests.csproj", "{257BB098-3E1E-4957-A313-740DF5D2EEC4}"
EndProject
Project("{FAE04EC0-301F-11D3-BF4B-00C04F79EFBC}") = "Plugin.Source.OneDrive.Tests", "tests\Plugin.Source.OneDrive.Tests\Plugin.Source.OneDrive.Tests.csproj", "{06C507C3-5F4A-42D9-9DAD-3343FDAE5E36}"
EndProject
Project("{2150E333-8FDC-42A3-9474-1A3956D46DE8}") = "Themes", "Themes", "{90F7E5FD-146B-406A-C97D-A0D358256D37}"
EndProject
Project("{FAE04EC0-301F-11D3-BF4B-00C04F79EFBC}") = "Theme.Expose", "src\Themes\Theme.Expose\Theme.Expose.csproj", "{6221BCCE-44C5-47DF-85DE-2B7A37D5895B}"
EndProject
Project("{FAE04EC0-301F-11D3-BF4B-00C04F79EFBC}") = "Commands.Tests", "tests\Commands.Tests\Commands.Tests.csproj", "{033064A9-9BD2-4A41-BC6E-B64B3227B420}"
EndProject
Global
	GlobalSection(SolutionConfigurationPlatforms) = preSolution
		Debug|Any CPU = Debug|Any CPU
		Debug|x64 = Debug|x64
		Debug|x86 = Debug|x86
		Release|Any CPU = Release|Any CPU
		Release|x64 = Release|x64
		Release|x86 = Release|x86
	EndGlobalSection
	GlobalSection(ProjectConfigurationPlatforms) = postSolution
		{4D862C0D-F728-49BF-B5FC-530AB9C2333C}.Debug|Any CPU.ActiveCfg = Debug|Any CPU
		{4D862C0D-F728-49BF-B5FC-530AB9C2333C}.Debug|Any CPU.Build.0 = Debug|Any CPU
		{4D862C0D-F728-49BF-B5FC-530AB9C2333C}.Debug|x64.ActiveCfg = Debug|Any CPU
		{4D862C0D-F728-49BF-B5FC-530AB9C2333C}.Debug|x64.Build.0 = Debug|Any CPU
		{4D862C0D-F728-49BF-B5FC-530AB9C2333C}.Debug|x86.ActiveCfg = Debug|Any CPU
		{4D862C0D-F728-49BF-B5FC-530AB9C2333C}.Debug|x86.Build.0 = Debug|Any CPU
		{4D862C0D-F728-49BF-B5FC-530AB9C2333C}.Release|Any CPU.ActiveCfg = Release|Any CPU
		{4D862C0D-F728-49BF-B5FC-530AB9C2333C}.Release|Any CPU.Build.0 = Release|Any CPU
		{4D862C0D-F728-49BF-B5FC-530AB9C2333C}.Release|x64.ActiveCfg = Release|Any CPU
		{4D862C0D-F728-49BF-B5FC-530AB9C2333C}.Release|x64.Build.0 = Release|Any CPU
		{4D862C0D-F728-49BF-B5FC-530AB9C2333C}.Release|x86.ActiveCfg = Release|Any CPU
		{4D862C0D-F728-49BF-B5FC-530AB9C2333C}.Release|x86.Build.0 = Release|Any CPU
		{04256F84-0D40-422E-A6F6-52C028C90D22}.Debug|Any CPU.ActiveCfg = Debug|Any CPU
		{04256F84-0D40-422E-A6F6-52C028C90D22}.Debug|Any CPU.Build.0 = Debug|Any CPU
		{04256F84-0D40-422E-A6F6-52C028C90D22}.Debug|x64.ActiveCfg = Debug|Any CPU
		{04256F84-0D40-422E-A6F6-52C028C90D22}.Debug|x64.Build.0 = Debug|Any CPU
		{04256F84-0D40-422E-A6F6-52C028C90D22}.Debug|x86.ActiveCfg = Debug|Any CPU
		{04256F84-0D40-422E-A6F6-52C028C90D22}.Debug|x86.Build.0 = Debug|Any CPU
		{04256F84-0D40-422E-A6F6-52C028C90D22}.Release|Any CPU.ActiveCfg = Release|Any CPU
		{04256F84-0D40-422E-A6F6-52C028C90D22}.Release|Any CPU.Build.0 = Release|Any CPU
		{04256F84-0D40-422E-A6F6-52C028C90D22}.Release|x64.ActiveCfg = Release|Any CPU
		{04256F84-0D40-422E-A6F6-52C028C90D22}.Release|x64.Build.0 = Release|Any CPU
		{04256F84-0D40-422E-A6F6-52C028C90D22}.Release|x86.ActiveCfg = Release|Any CPU
		{04256F84-0D40-422E-A6F6-52C028C90D22}.Release|x86.Build.0 = Release|Any CPU
		{8183D955-76E8-4DE3-AF29-836D3FF57E93}.Debug|Any CPU.ActiveCfg = Debug|Any CPU
		{8183D955-76E8-4DE3-AF29-836D3FF57E93}.Debug|Any CPU.Build.0 = Debug|Any CPU
		{8183D955-76E8-4DE3-AF29-836D3FF57E93}.Debug|x64.ActiveCfg = Debug|Any CPU
		{8183D955-76E8-4DE3-AF29-836D3FF57E93}.Debug|x64.Build.0 = Debug|Any CPU
		{8183D955-76E8-4DE3-AF29-836D3FF57E93}.Debug|x86.ActiveCfg = Debug|Any CPU
		{8183D955-76E8-4DE3-AF29-836D3FF57E93}.Debug|x86.Build.0 = Debug|Any CPU
		{8183D955-76E8-4DE3-AF29-836D3FF57E93}.Release|Any CPU.ActiveCfg = Release|Any CPU
		{8183D955-76E8-4DE3-AF29-836D3FF57E93}.Release|Any CPU.Build.0 = Release|Any CPU
		{8183D955-76E8-4DE3-AF29-836D3FF57E93}.Release|x64.ActiveCfg = Release|Any CPU
		{8183D955-76E8-4DE3-AF29-836D3FF57E93}.Release|x64.Build.0 = Release|Any CPU
		{8183D955-76E8-4DE3-AF29-836D3FF57E93}.Release|x86.ActiveCfg = Release|Any CPU
		{8183D955-76E8-4DE3-AF29-836D3FF57E93}.Release|x86.Build.0 = Release|Any CPU
		{385B564F-15FF-46D4-B7D3-8AF49FBDA563}.Debug|Any CPU.ActiveCfg = Debug|Any CPU
		{385B564F-15FF-46D4-B7D3-8AF49FBDA563}.Debug|Any CPU.Build.0 = Debug|Any CPU
		{385B564F-15FF-46D4-B7D3-8AF49FBDA563}.Debug|x64.ActiveCfg = Debug|Any CPU
		{385B564F-15FF-46D4-B7D3-8AF49FBDA563}.Debug|x64.Build.0 = Debug|Any CPU
		{385B564F-15FF-46D4-B7D3-8AF49FBDA563}.Debug|x86.ActiveCfg = Debug|Any CPU
		{385B564F-15FF-46D4-B7D3-8AF49FBDA563}.Debug|x86.Build.0 = Debug|Any CPU
		{385B564F-15FF-46D4-B7D3-8AF49FBDA563}.Release|Any CPU.ActiveCfg = Release|Any CPU
		{385B564F-15FF-46D4-B7D3-8AF49FBDA563}.Release|Any CPU.Build.0 = Release|Any CPU
		{385B564F-15FF-46D4-B7D3-8AF49FBDA563}.Release|x64.ActiveCfg = Release|Any CPU
		{385B564F-15FF-46D4-B7D3-8AF49FBDA563}.Release|x64.Build.0 = Release|Any CPU
		{385B564F-15FF-46D4-B7D3-8AF49FBDA563}.Release|x86.ActiveCfg = Release|Any CPU
		{385B564F-15FF-46D4-B7D3-8AF49FBDA563}.Release|x86.Build.0 = Release|Any CPU
		{65DF7DAC-C1B1-4E5D-8E43-51889A8B2DB4}.Debug|Any CPU.ActiveCfg = Debug|Any CPU
		{65DF7DAC-C1B1-4E5D-8E43-51889A8B2DB4}.Debug|Any CPU.Build.0 = Debug|Any CPU
		{65DF7DAC-C1B1-4E5D-8E43-51889A8B2DB4}.Debug|x64.ActiveCfg = Debug|Any CPU
		{65DF7DAC-C1B1-4E5D-8E43-51889A8B2DB4}.Debug|x64.Build.0 = Debug|Any CPU
		{65DF7DAC-C1B1-4E5D-8E43-51889A8B2DB4}.Debug|x86.ActiveCfg = Debug|Any CPU
		{65DF7DAC-C1B1-4E5D-8E43-51889A8B2DB4}.Debug|x86.Build.0 = Debug|Any CPU
		{65DF7DAC-C1B1-4E5D-8E43-51889A8B2DB4}.Release|Any CPU.ActiveCfg = Release|Any CPU
		{65DF7DAC-C1B1-4E5D-8E43-51889A8B2DB4}.Release|Any CPU.Build.0 = Release|Any CPU
		{65DF7DAC-C1B1-4E5D-8E43-51889A8B2DB4}.Release|x64.ActiveCfg = Release|Any CPU
		{65DF7DAC-C1B1-4E5D-8E43-51889A8B2DB4}.Release|x64.Build.0 = Release|Any CPU
		{65DF7DAC-C1B1-4E5D-8E43-51889A8B2DB4}.Release|x86.ActiveCfg = Release|Any CPU
		{65DF7DAC-C1B1-4E5D-8E43-51889A8B2DB4}.Release|x86.Build.0 = Release|Any CPU
		{17F53B11-1ECD-49A6-858C-2DE530CB6202}.Debug|Any CPU.ActiveCfg = Debug|Any CPU
		{17F53B11-1ECD-49A6-858C-2DE530CB6202}.Debug|Any CPU.Build.0 = Debug|Any CPU
		{17F53B11-1ECD-49A6-858C-2DE530CB6202}.Debug|x64.ActiveCfg = Debug|Any CPU
		{17F53B11-1ECD-49A6-858C-2DE530CB6202}.Debug|x64.Build.0 = Debug|Any CPU
		{17F53B11-1ECD-49A6-858C-2DE530CB6202}.Debug|x86.ActiveCfg = Debug|Any CPU
		{17F53B11-1ECD-49A6-858C-2DE530CB6202}.Debug|x86.Build.0 = Debug|Any CPU
		{17F53B11-1ECD-49A6-858C-2DE530CB6202}.Release|Any CPU.ActiveCfg = Release|Any CPU
		{17F53B11-1ECD-49A6-858C-2DE530CB6202}.Release|Any CPU.Build.0 = Release|Any CPU
		{17F53B11-1ECD-49A6-858C-2DE530CB6202}.Release|x64.ActiveCfg = Release|Any CPU
		{17F53B11-1ECD-49A6-858C-2DE530CB6202}.Release|x64.Build.0 = Release|Any CPU
		{17F53B11-1ECD-49A6-858C-2DE530CB6202}.Release|x86.ActiveCfg = Release|Any CPU
		{17F53B11-1ECD-49A6-858C-2DE530CB6202}.Release|x86.Build.0 = Release|Any CPU
		{257BB098-3E1E-4957-A313-740DF5D2EEC4}.Debug|Any CPU.ActiveCfg = Debug|Any CPU
		{257BB098-3E1E-4957-A313-740DF5D2EEC4}.Debug|Any CPU.Build.0 = Debug|Any CPU
		{257BB098-3E1E-4957-A313-740DF5D2EEC4}.Debug|x64.ActiveCfg = Debug|Any CPU
		{257BB098-3E1E-4957-A313-740DF5D2EEC4}.Debug|x64.Build.0 = Debug|Any CPU
		{257BB098-3E1E-4957-A313-740DF5D2EEC4}.Debug|x86.ActiveCfg = Debug|Any CPU
		{257BB098-3E1E-4957-A313-740DF5D2EEC4}.Debug|x86.Build.0 = Debug|Any CPU
		{257BB098-3E1E-4957-A313-740DF5D2EEC4}.Release|Any CPU.ActiveCfg = Release|Any CPU
		{257BB098-3E1E-4957-A313-740DF5D2EEC4}.Release|Any CPU.Build.0 = Release|Any CPU
		{257BB098-3E1E-4957-A313-740DF5D2EEC4}.Release|x64.ActiveCfg = Release|Any CPU
		{257BB098-3E1E-4957-A313-740DF5D2EEC4}.Release|x64.Build.0 = Release|Any CPU
		{257BB098-3E1E-4957-A313-740DF5D2EEC4}.Release|x86.ActiveCfg = Release|Any CPU
		{257BB098-3E1E-4957-A313-740DF5D2EEC4}.Release|x86.Build.0 = Release|Any CPU
		{06C507C3-5F4A-42D9-9DAD-3343FDAE5E36}.Debug|Any CPU.ActiveCfg = Debug|Any CPU
		{06C507C3-5F4A-42D9-9DAD-3343FDAE5E36}.Debug|Any CPU.Build.0 = Debug|Any CPU
		{06C507C3-5F4A-42D9-9DAD-3343FDAE5E36}.Debug|x64.ActiveCfg = Debug|Any CPU
		{06C507C3-5F4A-42D9-9DAD-3343FDAE5E36}.Debug|x64.Build.0 = Debug|Any CPU
		{06C507C3-5F4A-42D9-9DAD-3343FDAE5E36}.Debug|x86.ActiveCfg = Debug|Any CPU
		{06C507C3-5F4A-42D9-9DAD-3343FDAE5E36}.Debug|x86.Build.0 = Debug|Any CPU
		{06C507C3-5F4A-42D9-9DAD-3343FDAE5E36}.Release|Any CPU.ActiveCfg = Release|Any CPU
		{06C507C3-5F4A-42D9-9DAD-3343FDAE5E36}.Release|Any CPU.Build.0 = Release|Any CPU
		{06C507C3-5F4A-42D9-9DAD-3343FDAE5E36}.Release|x64.ActiveCfg = Release|Any CPU
		{06C507C3-5F4A-42D9-9DAD-3343FDAE5E36}.Release|x64.Build.0 = Release|Any CPU
		{06C507C3-5F4A-42D9-9DAD-3343FDAE5E36}.Release|x86.ActiveCfg = Release|Any CPU
		{06C507C3-5F4A-42D9-9DAD-3343FDAE5E36}.Release|x86.Build.0 = Release|Any CPU
		{6221BCCE-44C5-47DF-85DE-2B7A37D5895B}.Debug|Any CPU.ActiveCfg = Debug|Any CPU
		{6221BCCE-44C5-47DF-85DE-2B7A37D5895B}.Debug|Any CPU.Build.0 = Debug|Any CPU
		{6221BCCE-44C5-47DF-85DE-2B7A37D5895B}.Debug|x64.ActiveCfg = Debug|Any CPU
		{6221BCCE-44C5-47DF-85DE-2B7A37D5895B}.Debug|x64.Build.0 = Debug|Any CPU
		{6221BCCE-44C5-47DF-85DE-2B7A37D5895B}.Debug|x86.ActiveCfg = Debug|Any CPU
		{6221BCCE-44C5-47DF-85DE-2B7A37D5895B}.Debug|x86.Build.0 = Debug|Any CPU
		{6221BCCE-44C5-47DF-85DE-2B7A37D5895B}.Release|Any CPU.ActiveCfg = Release|Any CPU
		{6221BCCE-44C5-47DF-85DE-2B7A37D5895B}.Release|Any CPU.Build.0 = Release|Any CPU
		{6221BCCE-44C5-47DF-85DE-2B7A37D5895B}.Release|x64.ActiveCfg = Release|Any CPU
		{6221BCCE-44C5-47DF-85DE-2B7A37D5895B}.Release|x64.Build.0 = Release|Any CPU
		{6221BCCE-44C5-47DF-85DE-2B7A37D5895B}.Release|x86.ActiveCfg = Release|Any CPU
		{6221BCCE-44C5-47DF-85DE-2B7A37D5895B}.Release|x86.Build.0 = Release|Any CPU
		{033064A9-9BD2-4A41-BC6E-B64B3227B420}.Debug|Any CPU.ActiveCfg = Debug|Any CPU
		{033064A9-9BD2-4A41-BC6E-B64B3227B420}.Debug|Any CPU.Build.0 = Debug|Any CPU
		{033064A9-9BD2-4A41-BC6E-B64B3227B420}.Debug|x64.ActiveCfg = Debug|Any CPU
		{033064A9-9BD2-4A41-BC6E-B64B3227B420}.Debug|x64.Build.0 = Debug|Any CPU
		{033064A9-9BD2-4A41-BC6E-B64B3227B420}.Debug|x86.ActiveCfg = Debug|Any CPU
		{033064A9-9BD2-4A41-BC6E-B64B3227B420}.Debug|x86.Build.0 = Debug|Any CPU
		{033064A9-9BD2-4A41-BC6E-B64B3227B420}.Release|Any CPU.ActiveCfg = Release|Any CPU
		{033064A9-9BD2-4A41-BC6E-B64B3227B420}.Release|Any CPU.Build.0 = Release|Any CPU
		{033064A9-9BD2-4A41-BC6E-B64B3227B420}.Release|x64.ActiveCfg = Release|Any CPU
		{033064A9-9BD2-4A41-BC6E-B64B3227B420}.Release|x64.Build.0 = Release|Any CPU
		{033064A9-9BD2-4A41-BC6E-B64B3227B420}.Release|x86.ActiveCfg = Release|Any CPU
		{033064A9-9BD2-4A41-BC6E-B64B3227B420}.Release|x86.Build.0 = Release|Any CPU
	EndGlobalSection
	GlobalSection(SolutionProperties) = preSolution
		HideSolutionNode = FALSE
	EndGlobalSection
	GlobalSection(NestedProjects) = preSolution
		{4D862C0D-F728-49BF-B5FC-530AB9C2333C} = {827E0CD3-B72D-47B6-A68D-7590B98EB39B}
		{04256F84-0D40-422E-A6F6-52C028C90D22} = {827E0CD3-B72D-47B6-A68D-7590B98EB39B}
		{8183D955-76E8-4DE3-AF29-836D3FF57E93} = {827E0CD3-B72D-47B6-A68D-7590B98EB39B}
		{58D3A2C3-F96F-5E57-2C6B-ECE59D6A18FC} = {827E0CD3-B72D-47B6-A68D-7590B98EB39B}
		{385B564F-15FF-46D4-B7D3-8AF49FBDA563} = {58D3A2C3-F96F-5E57-2C6B-ECE59D6A18FC}
		{65DF7DAC-C1B1-4E5D-8E43-51889A8B2DB4} = {58D3A2C3-F96F-5E57-2C6B-ECE59D6A18FC}
		{17F53B11-1ECD-49A6-858C-2DE530CB6202} = {0AB3BF05-4346-4AA6-1389-037BE0695223}
		{257BB098-3E1E-4957-A313-740DF5D2EEC4} = {0AB3BF05-4346-4AA6-1389-037BE0695223}
		{06C507C3-5F4A-42D9-9DAD-3343FDAE5E36} = {0AB3BF05-4346-4AA6-1389-037BE0695223}
		{6221BCCE-44C5-47DF-85DE-2B7A37D5895B} = {90F7E5FD-146B-406A-C97D-A0D358256D37}
		{033064A9-9BD2-4A41-BC6E-B64B3227B420} = {0AB3BF05-4346-4AA6-1389-037BE0695223}
	EndGlobalSection
EndGlobal
